
Microsoft Visual Studio Solution File, Format Version 12.00
# Visual Studio Version 17
VisualStudioVersion = 17.13.35825.156 d17.13
MinimumVisualStudioVersion = 10.0.40219.1
Project("{FAE04EC0-301F-11D3-BF4B-00C04F79EFBC}") = "ConsoleApp3", "ConsoleApp3\ConsoleApp3.csproj", "{4D81D7CE-113F-4693-B4D7-43BE5A6F8484}"
EndProject
Global
	GlobalSection(SolutionConfigurationPlatforms) = preSolution
		Debug|Any CPU = Debug|Any CPU
		Release|Any CPU = Release|Any CPU
	EndGlobalSection
	GlobalSection(ProjectConfigurationPlatforms) = postSolution
		{4D81D7CE-113F-4693-B4D7-43BE5A6F8484}.Debug|Any CPU.ActiveCfg = Debug|Any CPU
		{4D81D7CE-113F-4693-B4D7-43BE5A6F8484}.Debug|Any CPU.Build.0 = Debug|Any CPU
		{4D81D7CE-113F-4693-B4D7-43BE5A6F8484}.Release|Any CPU.ActiveCfg = Release|Any CPU
		{4D81D7CE-113F-4693-B4D7-43BE5A6F8484}.Release|Any CPU.Build.0 = Release|Any CPU
	EndGlobalSection
	GlobalSection(SolutionProperties) = preSolution
		HideSolutionNode = FALSE
	EndGlobalSection
	GlobalSection(ExtensibilityGlobals) = postSolution
		SolutionGuid = {0054DC3A-C702-436D-B38F-151679694EFC}
	EndGlobalSection
EndGlobal
